// !$*UTF8*$!
{
	archiveVersion = 1;
	classes = {
	};
	objectVersion = 56;
	objects = {

/* Begin PBXBuildFile section */
		3748586A29A5FCFA0080DF63 /* AppDelegate.swift in Sources */ = {isa = PBXBuildFile; fileRef = 3748586929A5FCFA0080DF63 /* AppDelegate.swift */; };
		3748586C29A5FCFA0080DF63 /* SceneDelegate.swift in Sources */ = {isa = PBXBuildFile; fileRef = 3748586B29A5FCFA0080DF63 /* SceneDelegate.swift */; };
		3748587129A5FCFA0080DF63 /* Main.storyboard in Resources */ = {isa = PBXBuildFile; fileRef = 3748586F29A5FCFA0080DF63 /* Main.storyboard */; };
		3748587429A5FCFA0080DF63 /* CartoonQA.xcdatamodeld in Sources */ = {isa = PBXBuildFile; fileRef = 3748587229A5FCFA0080DF63 /* CartoonQA.xcdatamodeld */; };
		3748587629A5FCFB0080DF63 /* Assets.xcassets in Resources */ = {isa = PBXBuildFile; fileRef = 3748587529A5FCFB0080DF63 /* Assets.xcassets */; };
		3748587929A5FCFB0080DF63 /* LaunchScreen.storyboard in Resources */ = {isa = PBXBuildFile; fileRef = 3748587729A5FCFB0080DF63 /* LaunchScreen.storyboard */; };
		3748588129A605DB0080DF63 /* HomeViewController.swift in Sources */ = {isa = PBXBuildFile; fileRef = 3748588029A605DB0080DF63 /* HomeViewController.swift */; };
		3748588329A605FC0080DF63 /* QuestionViewController.swift in Sources */ = {isa = PBXBuildFile; fileRef = 3748588229A605FC0080DF63 /* QuestionViewController.swift */; };
		3748588529A76EA30080DF63 /* Cartoon.swift in Sources */ = {isa = PBXBuildFile; fileRef = 3748588429A76EA30080DF63 /* Cartoon.swift */; };
/* End PBXBuildFile section */

/* Begin PBXFileReference section */
		3748586629A5FCFA0080DF63 /* CartoonQA.app */ = {isa = PBXFileReference; explicitFileType = wrapper.application; includeInIndex = 0; path = CartoonQA.app; sourceTree = BUILT_PRODUCTS_DIR; };
		3748586929A5FCFA0080DF63 /* AppDelegate.swift */ = {isa = PBXFileReference; lastKnownFileType = sourcecode.swift; path = AppDelegate.swift; sourceTree = "<group>"; };
		3748586B29A5FCFA0080DF63 /* SceneDelegate.swift */ = {isa = PBXFileReference; lastKnownFileType = sourcecode.swift; path = SceneDelegate.swift; sourceTree = "<group>"; };
		3748587029A5FCFA0080DF63 /* Base */ = {isa = PBXFileReference; lastKnownFileType = file.storyboard; name = Base; path = Base.lproj/Main.storyboard; sourceTree = "<group>"; };
		3748587329A5FCFA0080DF63 /* CartoonQA.xcdatamodel */ = {isa = PBXFileReference; lastKnownFileType = wrapper.xcdatamodel; path = CartoonQA.xcdatamodel; sourceTree = "<group>"; };
		3748587529A5FCFB0080DF63 /* Assets.xcassets */ = {isa = PBXFileReference; lastKnownFileType = folder.assetcatalog; path = Assets.xcassets; sourceTree = "<group>"; };
		3748587829A5FCFB0080DF63 /* Base */ = {isa = PBXFileReference; lastKnownFileType = file.storyboard; name = Base; path = Base.lproj/LaunchScreen.storyboard; sourceTree = "<group>"; };
		3748587A29A5FCFB0080DF63 /* Info.plist */ = {isa = PBXFileReference; lastKnownFileType = text.plist.xml; path = Info.plist; sourceTree = "<group>"; };
		3748588029A605DB0080DF63 /* HomeViewController.swift */ = {isa = PBXFileReference; lastKnownFileType = sourcecode.swift; path = HomeViewController.swift; sourceTree = "<group>"; };
		3748588229A605FC0080DF63 /* QuestionViewController.swift */ = {isa = PBXFileReference; lastKnownFileType = sourcecode.swift; path = QuestionViewController.swift; sourceTree = "<group>"; };
		3748588429A76EA30080DF63 /* Cartoon.swift */ = {isa = PBXFileReference; lastKnownFileType = sourcecode.swift; path = Cartoon.swift; sourceTree = "<group>"; };
/* End PBXFileReference section */

/* Begin PBXFrameworksBuildPhase section */
		3748586329A5FCFA0080DF63 /* Frameworks */ = {
			isa = PBXFrameworksBuildPhase;
			buildActionMask = 2147483647;
			files = (
			);
			runOnlyForDeploymentPostprocessing = 0;
		};
/* End PBXFrameworksBuildPhase section */

/* Begin PBXGroup section */
		3748585D29A5FCFA0080DF63 = {
			isa = PBXGroup;
			children = (
				3748586829A5FCFA0080DF63 /* CartoonQA */,
				3748586729A5FCFA0080DF63 /* Products */,
			);
			sourceTree = "<group>";
		};
		3748586729A5FCFA0080DF63 /* Products */ = {
			isa = PBXGroup;
			children = (
				3748586629A5FCFA0080DF63 /* CartoonQA.app */,
			);
			name = Products;
			sourceTree = "<group>";
		};
		3748586829A5FCFA0080DF63 /* CartoonQA */ = {
			isa = PBXGroup;
			children = (
				3748586929A5FCFA0080DF63 /* AppDelegate.swift */,
				3748586B29A5FCFA0080DF63 /* SceneDelegate.swift */,
				3748588029A605DB0080DF63 /* HomeViewController.swift */,
				3748588229A605FC0080DF63 /* QuestionViewController.swift */,
				3748586F29A5FCFA0080DF63 /* Main.storyboard */,
				3748588429A76EA30080DF63 /* Cartoon.swift */,
				3748587529A5FCFB0080DF63 /* Assets.xcassets */,
				3748587729A5FCFB0080DF63 /* LaunchScreen.storyboard */,
				3748587A29A5FCFB0080DF63 /* Info.plist */,
				3748587229A5FCFA0080DF63 /* CartoonQA.xcdatamodeld */,
			);
			path = CartoonQA;
			sourceTree = "<group>";
		};
/* End PBXGroup section */

/* Begin PBXNativeTarget section */
		3748586529A5FCFA0080DF63 /* CartoonQA */ = {
			isa = PBXNativeTarget;
			buildConfigurationList = 3748587D29A5FCFB0080DF63 /* Build configuration list for PBXNativeTarget "CartoonQA" */;
			buildPhases = (
				3748586229A5FCFA0080DF63 /* Sources */,
				3748586329A5FCFA0080DF63 /* Frameworks */,
				3748586429A5FCFA0080DF63 /* Resources */,
			);
			buildRules = (
			);
			dependencies = (
			);
			name = CartoonQA;
			productName = CartoonQA;
			productReference = 3748586629A5FCFA0080DF63 /* CartoonQA.app */;
			productType = "com.apple.product-type.application";
		};
/* End PBXNativeTarget section */

/* Begin PBXProject section */
		3748585E29A5FCFA0080DF63 /* Project object */ = {
			isa = PBXProject;
			attributes = {
				BuildIndependentTargetsInParallel = 1;
				LastSwiftUpdateCheck = 1400;
				LastUpgradeCheck = 1400;
				TargetAttributes = {
					3748586529A5FCFA0080DF63 = {
						CreatedOnToolsVersion = 14.0;
					};
				};
			};
			buildConfigurationList = 3748586129A5FCFA0080DF63 /* Build configuration list for PBXProject "CartoonQA" */;
			compatibilityVersion = "Xcode 14.0";
			developmentRegion = en;
			hasScannedForEncodings = 0;
			knownRegions = (
				en,
				Base,
			);
			mainGroup = 3748585D29A5FCFA0080DF63;
			productRefGroup = 3748586729A5FCFA0080DF63 /* Products */;
			projectDirPath = "";
			projectRoot = "";
			targets = (
				3748586529A5FCFA0080DF63 /* CartoonQA */,
			);
		};
/* End PBXProject section */

/* Begin PBXResourcesBuildPhase section */
		3748586429A5FCFA0080DF63 /* Resources */ = {
			isa = PBXResourcesBuildPhase;
			buildActionMask = 2147483647;
			files = (
				3748587929A5FCFB0080DF63 /* LaunchScreen.storyboard in Resources */,
				3748587629A5FCFB0080DF63 /* Assets.xcassets in Resources */,
				3748587129A5FCFA0080DF63 /* Main.storyboard in Resources */,
			);
			runOnlyForDeploymentPostprocessing = 0;
		};
/* End PBXResourcesBuildPhase section */

/* Begin PBXSourcesBuildPhase section */
		3748586229A5FCFA0080DF63 /* Sources */ = {
			isa = PBXSourcesBuildPhase;
			buildActionMask = 2147483647;
			files = (
				3748588529A76EA30080DF63 /* Cartoon.swift in Sources */,
				3748586A29A5FCFA0080DF63 /* AppDelegate.swift in Sources */,
				3748588329A605FC0080DF63 /* QuestionViewController.swift in Sources */,
				3748587429A5FCFA0080DF63 /* CartoonQA.xcdatamodeld in Sources */,
				3748586C29A5FCFA0080DF63 /* SceneDelegate.swift in Sources */,
				3748588129A605DB0080DF63 /* HomeViewController.swift in Sources */,
			);
			runOnlyForDeploymentPostprocessing = 0;
		};
/* End PBXSourcesBuildPhase section */

/* Begin PBXVariantGroup section */
		3748586F29A5FCFA0080DF63 /* Main.storyboard */ = {
			isa = PBXVariantGroup;
			children = (
				3748587029A5FCFA0080DF63 /* Base */,
			);
			name = Main.storyboard;
			sourceTree = "<group>";
		};
		3748587729A5FCFB0080DF63 /* LaunchScreen.storyboard */ = {
			isa = PBXVariantGroup;
			children = (
				3748587829A5FCFB0080DF63 /* Base */,
			);
			name = LaunchScreen.storyboard;
			sourceTree = "<group>";
		};
/* End PBXVariantGroup section */

/* Begin XCBuildConfiguration section */
		3748587B29A5FCFB0080DF63 /* Debug */ = {
			isa = XCBuildConfiguration;
			buildSettings = {
				ALWAYS_SEARCH_USER_PATHS = NO;
				CLANG_ANALYZER_NONNULL = YES;
				CLANG_ANALYZER_NUMBER_OBJECT_CONVERSION = YES_AGGRESSIVE;
				CLANG_CXX_LANGUAGE_STANDARD = "gnu++20";
				CLANG_ENABLE_MODULES = YES;
				CLANG_ENABLE_OBJC_ARC = YES;
				CLANG_ENABLE_OBJC_WEAK = YES;
				CLANG_WARN_BLOCK_CAPTURE_AUTORELEASING = YES;
				CLANG_WARN_BOOL_CONVERSION = YES;
				CLANG_WARN_COMMA = YES;
				CLANG_WARN_CONSTANT_CONVERSION = YES;
				CLANG_WARN_DEPRECATED_OBJC_IMPLEMENTATIONS = YES;
				CLANG_WARN_DIRECT_OBJC_ISA_USAGE = YES_ERROR;
				CLANG_WARN_DOCUMENTATION_COMMENTS = YES;
				CLANG_WARN_EMPTY_BODY = YES;
				CLANG_WARN_ENUM_CONVERSION = YES;
				CLANG_WARN_INFINITE_RECURSION = YES;
				CLANG_WARN_INT_CONVERSION = YES;
				CLANG_WARN_NON_LITERAL_NULL_CONVERSION = YES;
				CLANG_WARN_OBJC_IMPLICIT_RETAIN_SELF = YES;
				CLANG_WARN_OBJC_LITERAL_CONVERSION = YES;
				CLANG_WARN_OBJC_ROOT_CLASS = YES_ERROR;
				CLANG_WARN_QUOTED_INCLUDE_IN_FRAMEWORK_HEADER = YES;
				CLANG_WARN_RANGE_LOOP_ANALYSIS = YES;
				CLANG_WARN_STRICT_PROTOTYPES = YES;
				CLANG_WARN_SUSPICIOUS_MOVE = YES;
				CLANG_WARN_UNGUARDED_AVAILABILITY = YES_AGGRESSIVE;
				CLANG_WARN_UNREACHABLE_CODE = YES;
				CLANG_WARN__DUPLICATE_METHOD_MATCH = YES;
				COPY_PHASE_STRIP = NO;
				DEBUG_INFORMATION_FORMAT = dwarf;
				ENABLE_STRICT_OBJC_MSGSEND = YES;
				ENABLE_TESTABILITY = YES;
				GCC_C_LANGUAGE_STANDARD = gnu11;
				GCC_DYNAMIC_NO_PIC = NO;
				GCC_NO_COMMON_BLOCKS = YES;
				GCC_OPTIMIZATION_LEVEL = 0;
				GCC_PREPROCESSOR_DEFINITIONS = (
					"DEBUG=1",
					"$(inherited)",
				);
				GCC_WARN_64_TO_32_BIT_CONVERSION = YES;
				GCC_WARN_ABOUT_RETURN_TYPE = YES_ERROR;
				GCC_WARN_UNDECLARED_SELECTOR = YES;
				GCC_WARN_UNINITIALIZED_AUTOS = YES_AGGRESSIVE;
				GCC_WARN_UNUSED_FUNCTION = YES;
				GCC_WARN_UNUSED_VARIABLE = YES;
				IPHONEOS_DEPLOYMENT_TARGET = 16.0;
				MTL_ENABLE_DEBUG_INFO = INCLUDE_SOURCE;
				MTL_FAST_MATH = YES;
				ONLY_ACTIVE_ARCH = YES;
				SDKROOT = iphoneos;
				SWIFT_ACTIVE_COMPILATION_CONDITIONS = DEBUG;
				SWIFT_OPTIMIZATION_LEVEL = "-Onone";
			};
			name = Debug;
		};
		3748587C29A5FCFB0080DF63 /* Release */ = {
			isa = XCBuildConfiguration;
			buildSettings = {
				ALWAYS_SEARCH_USER_PATHS = NO;
				CLANG_ANALYZER_NONNULL = YES;
				CLANG_ANALYZER_NUMBER_OBJECT_CONVERSION = YES_AGGRESSIVE;
				CLANG_CXX_LANGUAGE_STANDARD = "gnu++20";
				CLANG_ENABLE_MODULES = YES;
				CLANG_ENABLE_OBJC_ARC = YES;
				CLANG_ENABLE_OBJC_WEAK = YES;
				CLANG_WARN_BLOCK_CAPTURE_AUTORELEASING = YES;
				CLANG_WARN_BOOL_CONVERSION = YES;
				CLANG_WARN_COMMA = YES;
				CLANG_WARN_CONSTANT_CONVERSION = YES;
				CLANG_WARN_DEPRECATED_OBJC_IMPLEMENTATIONS = YES;
				CLANG_WARN_DIRECT_OBJC_ISA_USAGE = YES_ERROR;
				CLANG_WARN_DOCUMENTATION_COMMENTS = YES;
				CLANG_WARN_EMPTY_BODY = YES;
				CLANG_WARN_ENUM_CONVERSION = YES;
				CLANG_WARN_INFINITE_RECURSION = YES;
				CLANG_WARN_INT_CONVERSION = YES;
				CLANG_WARN_NON_LITERAL_NULL_CONVERSION = YES;
				CLANG_WARN_OBJC_IMPLICIT_RETAIN_SELF = YES;
				CLANG_WARN_OBJC_LITERAL_CONVERSION = YES;
				CLANG_WARN_OBJC_ROOT_CLASS = YES_ERROR;
				CLANG_WARN_QUOTED_INCLUDE_IN_FRAMEWORK_HEADER = YES;
				CLANG_WARN_RANGE_LOOP_ANALYSIS = YES;
				CLANG_WARN_STRICT_PROTOTYPES = YES;
				CLANG_WARN_SUSPICIOUS_MOVE = YES;
				CLANG_WARN_UNGUARDED_AVAILABILITY = YES_AGGRESSIVE;
				CLANG_WARN_UNREACHABLE_CODE = YES;
				CLANG_WARN__DUPLICATE_METHOD_MATCH = YES;
				COPY_PHASE_STRIP = NO;
				DEBUG_INFORMATION_FORMAT = "dwarf-with-dsym";
				ENABLE_NS_ASSERTIONS = NO;
				ENABLE_STRICT_OBJC_MSGSEND = YES;
				GCC_C_LANGUAGE_STANDARD = gnu11;
				GCC_NO_COMMON_BLOCKS = YES;
				GCC_WARN_64_TO_32_BIT_CONVERSION = YES;
				GCC_WARN_ABOUT_RETURN_TYPE = YES_ERROR;
				GCC_WARN_UNDECLARED_SELECTOR = YES;
				GCC_WARN_UNINITIALIZED_AUTOS = YES_AGGRESSIVE;
				GCC_WARN_UNUSED_FUNCTION = YES;
				GCC_WARN_UNUSED_VARIABLE = YES;
				IPHONEOS_DEPLOYMENT_TARGET = 16.0;
				MTL_ENABLE_DEBUG_INFO = NO;
				MTL_FAST_MATH = YES;
				SDKROOT = iphoneos;
				SWIFT_COMPILATION_MODE = wholemodule;
				SWIFT_OPTIMIZATION_LEVEL = "-O";
				VALIDATE_PRODUCT = YES;
			};
			name = Release;
		};
		3748587E29A5FCFB0080DF63 /* Debug */ = {
			isa = XCBuildConfiguration;
			buildSettings = {
				ASSETCATALOG_COMPILER_APPICON_NAME = AppIcon;
				ASSETCATALOG_COMPILER_GLOBAL_ACCENT_COLOR_NAME = AccentColor;
				CODE_SIGN_STYLE = Automatic;
				CURRENT_PROJECT_VERSION = 1;
				DEVELOPMENT_TEAM = XQJ9FBTXC8;
				GENERATE_INFOPLIST_FILE = YES;
				INFOPLIST_FILE = CartoonQA/Info.plist;
				INFOPLIST_KEY_UIApplicationSupportsIndirectInputEvents = YES;
				INFOPLIST_KEY_UILaunchStoryboardName = LaunchScreen;
				INFOPLIST_KEY_UIMainStoryboardFile = Main;
				INFOPLIST_KEY_UISupportedInterfaceOrientations_iPad = "UIInterfaceOrientationPortrait UIInterfaceOrientationPortraitUpsideDown UIInterfaceOrientationLandscapeLeft UIInterfaceOrientationLandscapeRight";
				INFOPLIST_KEY_UISupportedInterfaceOrientations_iPhone = "UIInterfaceOrientationPortrait UIInterfaceOrientationLandscapeLeft UIInterfaceOrientationLandscapeRight";
				LD_RUNPATH_SEARCH_PATHS = (
					"$(inherited)",
					"@executable_path/Frameworks",
				);
				MARKETING_VERSION = 1.0;
				PRODUCT_BUNDLE_IDENTIFIER = com.alicelee.CartoonQA;
				PRODUCT_NAME = "$(TARGET_NAME)";
				SWIFT_EMIT_LOC_STRINGS = YES;
				SWIFT_VERSION = 5.0;
				TARGETED_DEVICE_FAMILY = "1,2";
			};
			name = Debug;
		};
		3748587F29A5FCFB0080DF63 /* Release */ = {
			isa = XCBuildConfiguration;
			buildSettings = {
				ASSETCATALOG_COMPILER_APPICON_NAME = AppIcon;
				ASSETCATALOG_COMPILER_GLOBAL_ACCENT_COLOR_NAME = AccentColor;
				CODE_SIGN_STYLE = Automatic;
				CURRENT_PROJECT_VERSION = 1;
				DEVELOPMENT_TEAM = XQJ9FBTXC8;
				GENERATE_INFOPLIST_FILE = YES;
				INFOPLIST_FILE = CartoonQA/Info.plist;
				INFOPLIST_KEY_UIApplicationSupportsIndirectInputEvents = YES;
				INFOPLIST_KEY_UILaunchStoryboardName = LaunchScreen;
				INFOPLIST_KEY_UIMainStoryboardFile = Main;
				INFOPLIST_KEY_UISupportedInterfaceOrientations_iPad = "UIInterfaceOrientationPortrait UIInterfaceOrientationPortraitUpsideDown UIInterfaceOrientationLandscapeLeft UIInterfaceOrientationLandscapeRight";
				INFOPLIST_KEY_UISupportedInterfaceOrientations_iPhone = "UIInterfaceOrientationPortrait UIInterfaceOrientationLandscapeLeft UIInterfaceOrientationLandscapeRight";
				LD_RUNPATH_SEARCH_PATHS = (
					"$(inherited)",
					"@executable_path/Frameworks",
				);
				MARKETING_VERSION = 1.0;
				PRODUCT_BUNDLE_IDENTIFIER = com.alicelee.CartoonQA;
				PRODUCT_NAME = "$(TARGET_NAME)";
				SWIFT_EMIT_LOC_STRINGS = YES;
				SWIFT_VERSION = 5.0;
				TARGETED_DEVICE_FAMILY = "1,2";
			};
			name = Release;
		};
/* End XCBuildConfiguration section */

/* Begin XCConfigurationList section */
		3748586129A5FCFA0080DF63 /* Build configuration list for PBXProject "CartoonQA" */ = {
			isa = XCConfigurationList;
			buildConfigurations = (
				3748587B29A5FCFB0080DF63 /* Debug */,
				3748587C29A5FCFB0080DF63 /* Release */,
			);
			defaultConfigurationIsVisible = 0;
			defaultConfigurationName = Release;
		};
		3748587D29A5FCFB0080DF63 /* Build configuration list for PBXNativeTarget "CartoonQA" */ = {
			isa = XCConfigurationList;
			buildConfigurations = (
				3748587E29A5FCFB0080DF63 /* Debug */,
				3748587F29A5FCFB0080DF63 /* Release */,
			);
			defaultConfigurationIsVisible = 0;
			defaultConfigurationName = Release;
		};
/* End XCConfigurationList section */

/* Begin XCVersionGroup section */
		3748587229A5FCFA0080DF63 /* CartoonQA.xcdatamodeld */ = {
			isa = XCVersionGroup;
			children = (
				3748587329A5FCFA0080DF63 /* CartoonQA.xcdatamodel */,
			);
			currentVersion = 3748587329A5FCFA0080DF63 /* CartoonQA.xcdatamodel */;
			path = CartoonQA.xcdatamodeld;
			sourceTree = "<group>";
			versionGroupType = wrapper.xcdatamodel;
		};
/* End XCVersionGroup section */
	};
	rootObject = 3748585E29A5FCFA0080DF63 /* Project object */;
}
